
Microsoft Visual Studio Solution File, Format Version 12.00
# Visual Studio Version 16
VisualStudioVersion = 16.0.29911.84
MinimumVisualStudioVersion = 10.0.40219.1
Project("{FAE04EC0-301F-11D3-BF4B-00C04F79EFBC}") = "semana3.Android", "semana3\semana3.Android\semana3.Android.csproj", "{8CC56385-3A69-4F09-9DA1-40BEBBA37BCF}"
EndProject
Project("{FAE04EC0-301F-11D3-BF4B-00C04F79EFBC}") = "semana3.iOS", "semana3\semana3.iOS\semana3.iOS.csproj", "{BD0C3037-0D8D-486E-8402-73504397EEF1}"
EndProject
Project("{FAE04EC0-301F-11D3-BF4B-00C04F79EFBC}") = "semana3", "semana3\semana3\semana3.csproj", "{F9B3FEA6-3392-413C-A814-C5E14F615AAE}"
EndProject
Global
	GlobalSection(SolutionConfigurationPlatforms) = preSolution
		Debug|Any CPU = Debug|Any CPU
		Debug|iPhone = Debug|iPhone
		Debug|iPhoneSimulator = Debug|iPhoneSimulator
		Release|Any CPU = Release|Any CPU
		Release|iPhone = Release|iPhone
		Release|iPhoneSimulator = Release|iPhoneSimulator
	EndGlobalSection
	GlobalSection(ProjectConfigurationPlatforms) = postSolution
		{8CC56385-3A69-4F09-9DA1-40BEBBA37BCF}.Debug|Any CPU.ActiveCfg = Debug|Any CPU
		{8CC56385-3A69-4F09-9DA1-40BEBBA37BCF}.Debug|Any CPU.Build.0 = Debug|Any CPU
		{8CC56385-3A69-4F09-9DA1-40BEBBA37BCF}.Debug|Any CPU.Deploy.0 = Debug|Any CPU
		{8CC56385-3A69-4F09-9DA1-40BEBBA37BCF}.Debug|iPhone.ActiveCfg = Debug|Any CPU
		{8CC56385-3A69-4F09-9DA1-40BEBBA37BCF}.Debug|iPhone.Build.0 = Debug|Any CPU
		{8CC56385-3A69-4F09-9DA1-40BEBBA37BCF}.Debug|iPhone.Deploy.0 = Debug|Any CPU
		{8CC56385-3A69-4F09-9DA1-40BEBBA37BCF}.Debug|iPhoneSimulator.ActiveCfg = Debug|Any CPU
		{8CC56385-3A69-4F09-9DA1-40BEBBA37BCF}.Debug|iPhoneSimulator.Build.0 = Debug|Any CPU
		{8CC56385-3A69-4F09-9DA1-40BEBBA37BCF}.Debug|iPhoneSimulator.Deploy.0 = Debug|Any CPU
		{8CC56385-3A69-4F09-9DA1-40BEBBA37BCF}.Release|Any CPU.ActiveCfg = Release|Any CPU
		{8CC56385-3A69-4F09-9DA1-40BEBBA37BCF}.Release|Any CPU.Build.0 = Release|Any CPU
		{8CC56385-3A69-4F09-9DA1-40BEBBA37BCF}.Release|Any CPU.Deploy.0 = Release|Any CPU
		{8CC56385-3A69-4F09-9DA1-40BEBBA37BCF}.Release|iPhone.ActiveCfg = Release|Any CPU
		{8CC56385-3A69-4F09-9DA1-40BEBBA37BCF}.Release|iPhone.Build.0 = Release|Any CPU
		{8CC56385-3A69-4F09-9DA1-40BEBBA37BCF}.Release|iPhone.Deploy.0 = Release|Any CPU
		{8CC56385-3A69-4F09-9DA1-40BEBBA37BCF}.Release|iPhoneSimulator.ActiveCfg = Release|Any CPU
		{8CC56385-3A69-4F09-9DA1-40BEBBA37BCF}.Release|iPhoneSimulator.Build.0 = Release|Any CPU
		{8CC56385-3A69-4F09-9DA1-40BEBBA37BCF}.Release|iPhoneSimulator.Deploy.0 = Release|Any CPU
		{BD0C3037-0D8D-486E-8402-73504397EEF1}.Debug|Any CPU.ActiveCfg = Debug|iPhone
		{BD0C3037-0D8D-486E-8402-73504397EEF1}.Debug|Any CPU.Build.0 = Debug|iPhone
		{BD0C3037-0D8D-486E-8402-73504397EEF1}.Debug|Any CPU.Deploy.0 = Debug|iPhone
		{BD0C3037-0D8D-486E-8402-73504397EEF1}.Debug|iPhone.ActiveCfg = Debug|iPhone
		{BD0C3037-0D8D-486E-8402-73504397EEF1}.Debug|iPhone.Build.0 = Debug|iPhone
		{BD0C3037-0D8D-486E-8402-73504397EEF1}.Debug|iPhone.Deploy.0 = Debug|iPhone
		{BD0C3037-0D8D-486E-8402-73504397EEF1}.Debug|iPhoneSimulator.ActiveCfg = Debug|iPhoneSimulator
		{BD0C3037-0D8D-486E-8402-73504397EEF1}.Debug|iPhoneSimulator.Build.0 = Debug|iPhoneSimulator
		{BD0C3037-0D8D-486E-8402-73504397EEF1}.Debug|iPhoneSimulator.Deploy.0 = Debug|iPhoneSimulator
		{BD0C3037-0D8D-486E-8402-73504397EEF1}.Release|Any CPU.ActiveCfg = Release|iPhone
		{BD0C3037-0D8D-486E-8402-73504397EEF1}.Release|Any CPU.Build.0 = Release|iPhone
		{BD0C3037-0D8D-486E-8402-73504397EEF1}.Release|Any CPU.Deploy.0 = Release|iPhone
		{BD0C3037-0D8D-486E-8402-73504397EEF1}.Release|iPhone.ActiveCfg = Release|iPhone
		{BD0C3037-0D8D-486E-8402-73504397EEF1}.Release|iPhone.Build.0 = Release|iPhone
		{BD0C3037-0D8D-486E-8402-73504397EEF1}.Release|iPhone.Deploy.0 = Release|iPhone
		{BD0C3037-0D8D-486E-8402-73504397EEF1}.Release|iPhoneSimulator.ActiveCfg = Release|iPhoneSimulator
		{BD0C3037-0D8D-486E-8402-73504397EEF1}.Release|iPhoneSimulator.Build.0 = Release|iPhoneSimulator
		{BD0C3037-0D8D-486E-8402-73504397EEF1}.Release|iPhoneSimulator.Deploy.0 = Release|iPhoneSimulator
		{F9B3FEA6-3392-413C-A814-C5E14F615AAE}.Debug|Any CPU.ActiveCfg = Debug|Any CPU
		{F9B3FEA6-3392-413C-A814-C5E14F615AAE}.Debug|Any CPU.Build.0 = Debug|Any CPU
		{F9B3FEA6-3392-413C-A814-C5E14F615AAE}.Debug|Any CPU.Deploy.0 = Debug|Any CPU
		{F9B3FEA6-3392-413C-A814-C5E14F615AAE}.Debug|iPhone.ActiveCfg = Debug|Any CPU
		{F9B3FEA6-3392-413C-A814-C5E14F615AAE}.Debug|iPhone.Build.0 = Debug|Any CPU
		{F9B3FEA6-3392-413C-A814-C5E14F615AAE}.Debug|iPhone.Deploy.0 = Debug|Any CPU
		{F9B3FEA6-3392-413C-A814-C5E14F615AAE}.Debug|iPhoneSimulator.ActiveCfg = Debug|Any CPU
		{F9B3FEA6-3392-413C-A814-C5E14F615AAE}.Debug|iPhoneSimulator.Build.0 = Debug|Any CPU
		{F9B3FEA6-3392-413C-A814-C5E14F615AAE}.Debug|iPhoneSimulator.Deploy.0 = Debug|Any CPU
		{F9B3FEA6-3392-413C-A814-C5E14F615AAE}.Release|Any CPU.ActiveCfg = Release|Any CPU
		{F9B3FEA6-3392-413C-A814-C5E14F615AAE}.Release|Any CPU.Build.0 = Release|Any CPU
		{F9B3FEA6-3392-413C-A814-C5E14F615AAE}.Release|Any CPU.Deploy.0 = Release|Any CPU
		{F9B3FEA6-3392-413C-A814-C5E14F615AAE}.Release|iPhone.ActiveCfg = Release|Any CPU
		{F9B3FEA6-3392-413C-A814-C5E14F615AAE}.Release|iPhone.Build.0 = Release|Any CPU
		{F9B3FEA6-3392-413C-A814-C5E14F615AAE}.Release|iPhone.Deploy.0 = Release|Any CPU
		{F9B3FEA6-3392-413C-A814-C5E14F615AAE}.Release|iPhoneSimulator.ActiveCfg = Release|Any CPU
		{F9B3FEA6-3392-413C-A814-C5E14F615AAE}.Release|iPhoneSimulator.Build.0 = Release|Any CPU
		{F9B3FEA6-3392-413C-A814-C5E14F615AAE}.Release|iPhoneSimulator.Deploy.0 = Release|Any CPU
	EndGlobalSection
	GlobalSection(SolutionProperties) = preSolution
		HideSolutionNode = FALSE
	EndGlobalSection
	GlobalSection(ExtensibilityGlobals) = postSolution
		SolutionGuid = {ED78D3F4-A3D6-43B7-A113-7C7319D84C3B}
	EndGlobalSection
EndGlobal
